
Microsoft Visual Studio Solution File, Format Version 12.00
# Visual Studio Version 17
VisualStudioVersion = 17.5.33530.505
MinimumVisualStudioVersion = 10.0.40219.1
Project("{2150E333-8FDC-42A3-9474-1A3956D46DE8}") = "src", "src", "{08527F82-6C12-451A-B5E2-C99915847A01}"
EndProject
Project("{2150E333-8FDC-42A3-9474-1A3956D46DE8}") = "core", "core", "{3E275E48-0F73-4B98-A63A-B9FC4C302241}"
EndProject
Project("{2150E333-8FDC-42A3-9474-1A3956D46DE8}") = "infraestructura", "infraestructura", "{F7BA18EA-42CC-421F-AB39-00331215A9F6}"
EndProject
Project("{2150E333-8FDC-42A3-9474-1A3956D46DE8}") = "presentacion", "presentacion", "{5F9CB2AC-8367-4D6A-AD9E-32A41AA3968E}"
EndProject
Project("{FAE04EC0-301F-11D3-BF4B-00C04F79EFBC}") = "Aplicacion", "Aplicacion\Aplicacion.csproj", "{9139E9E7-63C2-4E7C-B670-ABDE256311C0}"
EndProject
Project("{FAE04EC0-301F-11D3-BF4B-00C04F79EFBC}") = "Dominio", "Dominio\Dominio.csproj", "{1C6360F1-4FE7-46AF-9810-2EF84DFF32AE}"
EndProject
Project("{FAE04EC0-301F-11D3-BF4B-00C04F79EFBC}") = "Compartir", "Compartir\Compartir.csproj", "{22DDBB51-964F-4EEA-8F51-38D28D4012DC}"
EndProject
Project("{FAE04EC0-301F-11D3-BF4B-00C04F79EFBC}") = "Persistencia", "Persistencia\Persistencia.csproj", "{EE6DA875-7401-48A8-8050-1465C038356C}"
EndProject
Project("{FAE04EC0-301F-11D3-BF4B-00C04F79EFBC}") = "ApiWeb", "ApiWeb\ApiWeb.csproj", "{7EC92C0A-F4BD-4D3C-8F0A-5D66D7AF44F1}"
EndProject
Global
	GlobalSection(SolutionConfigurationPlatforms) = preSolution
		Debug|Any CPU = Debug|Any CPU
		Release|Any CPU = Release|Any CPU
	EndGlobalSection
	GlobalSection(ProjectConfigurationPlatforms) = postSolution
		{9139E9E7-63C2-4E7C-B670-ABDE256311C0}.Debug|Any CPU.ActiveCfg = Debug|Any CPU
		{9139E9E7-63C2-4E7C-B670-ABDE256311C0}.Debug|Any CPU.Build.0 = Debug|Any CPU
		{9139E9E7-63C2-4E7C-B670-ABDE256311C0}.Release|Any CPU.ActiveCfg = Release|Any CPU
		{9139E9E7-63C2-4E7C-B670-ABDE256311C0}.Release|Any CPU.Build.0 = Release|Any CPU
		{1C6360F1-4FE7-46AF-9810-2EF84DFF32AE}.Debug|Any CPU.ActiveCfg = Debug|Any CPU
		{1C6360F1-4FE7-46AF-9810-2EF84DFF32AE}.Debug|Any CPU.Build.0 = Debug|Any CPU
		{1C6360F1-4FE7-46AF-9810-2EF84DFF32AE}.Release|Any CPU.ActiveCfg = Release|Any CPU
		{1C6360F1-4FE7-46AF-9810-2EF84DFF32AE}.Release|Any CPU.Build.0 = Release|Any CPU
		{22DDBB51-964F-4EEA-8F51-38D28D4012DC}.Debug|Any CPU.ActiveCfg = Debug|Any CPU
		{22DDBB51-964F-4EEA-8F51-38D28D4012DC}.Debug|Any CPU.Build.0 = Debug|Any CPU
		{22DDBB51-964F-4EEA-8F51-38D28D4012DC}.Release|Any CPU.ActiveCfg = Release|Any CPU
		{22DDBB51-964F-4EEA-8F51-38D28D4012DC}.Release|Any CPU.Build.0 = Release|Any CPU
		{EE6DA875-7401-48A8-8050-1465C038356C}.Debug|Any CPU.ActiveCfg = Debug|Any CPU
		{EE6DA875-7401-48A8-8050-1465C038356C}.Debug|Any CPU.Build.0 = Debug|Any CPU
		{EE6DA875-7401-48A8-8050-1465C038356C}.Release|Any CPU.ActiveCfg = Release|Any CPU
		{EE6DA875-7401-48A8-8050-1465C038356C}.Release|Any CPU.Build.0 = Release|Any CPU
		{7EC92C0A-F4BD-4D3C-8F0A-5D66D7AF44F1}.Debug|Any CPU.ActiveCfg = Debug|Any CPU
		{7EC92C0A-F4BD-4D3C-8F0A-5D66D7AF44F1}.Debug|Any CPU.Build.0 = Debug|Any CPU
		{7EC92C0A-F4BD-4D3C-8F0A-5D66D7AF44F1}.Release|Any CPU.ActiveCfg = Release|Any CPU
		{7EC92C0A-F4BD-4D3C-8F0A-5D66D7AF44F1}.Release|Any CPU.Build.0 = Release|Any CPU
	EndGlobalSection
	GlobalSection(SolutionProperties) = preSolution
		HideSolutionNode = FALSE
	EndGlobalSection
	GlobalSection(NestedProjects) = preSolution
		{3E275E48-0F73-4B98-A63A-B9FC4C302241} = {08527F82-6C12-451A-B5E2-C99915847A01}
		{F7BA18EA-42CC-421F-AB39-00331215A9F6} = {08527F82-6C12-451A-B5E2-C99915847A01}
		{5F9CB2AC-8367-4D6A-AD9E-32A41AA3968E} = {08527F82-6C12-451A-B5E2-C99915847A01}
		{9139E9E7-63C2-4E7C-B670-ABDE256311C0} = {3E275E48-0F73-4B98-A63A-B9FC4C302241}
		{1C6360F1-4FE7-46AF-9810-2EF84DFF32AE} = {3E275E48-0F73-4B98-A63A-B9FC4C302241}
		{22DDBB51-964F-4EEA-8F51-38D28D4012DC} = {F7BA18EA-42CC-421F-AB39-00331215A9F6}
		{EE6DA875-7401-48A8-8050-1465C038356C} = {F7BA18EA-42CC-421F-AB39-00331215A9F6}
		{7EC92C0A-F4BD-4D3C-8F0A-5D66D7AF44F1} = {5F9CB2AC-8367-4D6A-AD9E-32A41AA3968E}
	EndGlobalSection
	GlobalSection(ExtensibilityGlobals) = postSolution
		SolutionGuid = {88065D4B-9811-4B40-A3E7-0BA8D0D8EF03}
	EndGlobalSection
EndGlobal
